// !$*UTF8*$!
{
	archiveVersion = 1;
	classes = {
	};
	objectVersion = 56;
	objects = {

/* Begin PBXBuildFile section */
		505C37D12A3BE19400C87044 /* StreamsAndActionsApp.swift in Sources */ = {isa = PBXBuildFile; fileRef = 505C37D02A3BE19400C87044 /* StreamsAndActionsApp.swift */; };
		505C37D32A3BE19400C87044 /* ContentView.swift in Sources */ = {isa = PBXBuildFile; fileRef = 505C37D22A3BE19400C87044 /* ContentView.swift */; };
		505C37D52A3BE19400C87044 /* Assets.xcassets in Resources */ = {isa = PBXBuildFile; fileRef = 505C37D42A3BE19400C87044 /* Assets.xcassets */; };
		505C37D82A3BE19400C87044 /* Preview Assets.xcassets in Resources */ = {isa = PBXBuildFile; fileRef = 505C37D72A3BE19400C87044 /* Preview Assets.xcassets */; };
		505C37DF2A3BE1D300C87044 /* OptionOne.swift in Sources */ = {isa = PBXBuildFile; fileRef = 505C37DE2A3BE1D300C87044 /* OptionOne.swift */; };
		505C37E12A3BE38700C87044 /* OptionTwo.swift in Sources */ = {isa = PBXBuildFile; fileRef = 505C37E02A3BE38700C87044 /* OptionTwo.swift */; };
		505C37E32A3BE75E00C87044 /* OptionThree.swift in Sources */ = {isa = PBXBuildFile; fileRef = 505C37E22A3BE75E00C87044 /* OptionThree.swift */; };
		505C37E62A3BF17900C87044 /* AsyncAlgorithms in Frameworks */ = {isa = PBXBuildFile; productRef = 505C37E52A3BF17900C87044 /* AsyncAlgorithms */; };
		505C37E82A3BF18300C87044 /* OptionFour.swift in Sources */ = {isa = PBXBuildFile; fileRef = 505C37E72A3BF18300C87044 /* OptionFour.swift */; };
/* End PBXBuildFile section */

/* Begin PBXFileReference section */
		505C37CD2A3BE19400C87044 /* StreamsAndActions.app */ = {isa = PBXFileReference; explicitFileType = wrapper.application; includeInIndex = 0; path = StreamsAndActions.app; sourceTree = BUILT_PRODUCTS_DIR; };
		505C37D02A3BE19400C87044 /* StreamsAndActionsApp.swift */ = {isa = PBXFileReference; lastKnownFileType = sourcecode.swift; path = StreamsAndActionsApp.swift; sourceTree = "<group>"; };
		505C37D22A3BE19400C87044 /* ContentView.swift */ = {isa = PBXFileReference; lastKnownFileType = sourcecode.swift; path = ContentView.swift; sourceTree = "<group>"; };
		505C37D42A3BE19400C87044 /* Assets.xcassets */ = {isa = PBXFileReference; lastKnownFileType = folder.assetcatalog; path = Assets.xcassets; sourceTree = "<group>"; };
		505C37D72A3BE19400C87044 /* Preview Assets.xcassets */ = {isa = PBXFileReference; lastKnownFileType = folder.assetcatalog; path = "Preview Assets.xcassets"; sourceTree = "<group>"; };
		505C37DE2A3BE1D300C87044 /* OptionOne.swift */ = {isa = PBXFileReference; lastKnownFileType = sourcecode.swift; path = OptionOne.swift; sourceTree = "<group>"; };
		505C37E02A3BE38700C87044 /* OptionTwo.swift */ = {isa = PBXFileReference; lastKnownFileType = sourcecode.swift; path = OptionTwo.swift; sourceTree = "<group>"; };
		505C37E22A3BE75E00C87044 /* OptionThree.swift */ = {isa = PBXFileReference; lastKnownFileType = sourcecode.swift; path = OptionThree.swift; sourceTree = "<group>"; };
		505C37E72A3BF18300C87044 /* OptionFour.swift */ = {isa = PBXFileReference; lastKnownFileType = sourcecode.swift; path = OptionFour.swift; sourceTree = "<group>"; };
/* End PBXFileReference section */

/* Begin PBXFrameworksBuildPhase section */
		505C37CA2A3BE19400C87044 /* Frameworks */ = {
			isa = PBXFrameworksBuildPhase;
			buildActionMask = 2147483647;
			files = (
				505C37E62A3BF17900C87044 /* AsyncAlgorithms in Frameworks */,
			);
			runOnlyForDeploymentPostprocessing = 0;
		};
/* End PBXFrameworksBuildPhase section */

/* Begin PBXGroup section */
		505C37C42A3BE19300C87044 = {
			isa = PBXGroup;
			children = (
				505C37CF2A3BE19400C87044 /* StreamsAndActions */,
				505C37CE2A3BE19400C87044 /* Products */,
			);
			sourceTree = "<group>";
		};
		505C37CE2A3BE19400C87044 /* Products */ = {
			isa = PBXGroup;
			children = (
				505C37CD2A3BE19400C87044 /* StreamsAndActions.app */,
			);
			name = Products;
			sourceTree = "<group>";
		};
		505C37CF2A3BE19400C87044 /* StreamsAndActions */ = {
			isa = PBXGroup;
			children = (
				505C37D02A3BE19400C87044 /* StreamsAndActionsApp.swift */,
				505C37D22A3BE19400C87044 /* ContentView.swift */,
				505C37DE2A3BE1D300C87044 /* OptionOne.swift */,
				505C37E02A3BE38700C87044 /* OptionTwo.swift */,
				505C37E22A3BE75E00C87044 /* OptionThree.swift */,
				505C37E72A3BF18300C87044 /* OptionFour.swift */,
				505C37D42A3BE19400C87044 /* Assets.xcassets */,
				505C37D62A3BE19400C87044 /* Preview Content */,
			);
			path = StreamsAndActions;
			sourceTree = "<group>";
		};
		505C37D62A3BE19400C87044 /* Preview Content */ = {
			isa = PBXGroup;
			children = (
				505C37D72A3BE19400C87044 /* Preview Assets.xcassets */,
			);
			path = "Preview Content";
			sourceTree = "<group>";
		};
/* End PBXGroup section */

/* Begin PBXNativeTarget section */
		505C37CC2A3BE19400C87044 /* StreamsAndActions */ = {
			isa = PBXNativeTarget;
			buildConfigurationList = 505C37DB2A3BE19400C87044 /* Build configuration list for PBXNativeTarget "StreamsAndActions" */;
			buildPhases = (
				505C37C92A3BE19400C87044 /* Sources */,
				505C37CA2A3BE19400C87044 /* Frameworks */,
				505C37CB2A3BE19400C87044 /* Resources */,
			);
			buildRules = (
			);
			dependencies = (
			);
			name = StreamsAndActions;
			packageProductDependencies = (
				505C37E52A3BF17900C87044 /* AsyncAlgorithms */,
			);
			productName = StreamsAndActions;
			productReference = 505C37CD2A3BE19400C87044 /* StreamsAndActions.app */;
			productType = "com.apple.product-type.application";
		};
/* End PBXNativeTarget section */

/* Begin PBXProject section */
		505C37C52A3BE19300C87044 /* Project object */ = {
			isa = PBXProject;
			attributes = {
				BuildIndependentTargetsInParallel = 1;
				LastSwiftUpdateCheck = 1430;
				LastUpgradeCheck = 1430;
				TargetAttributes = {
					505C37CC2A3BE19400C87044 = {
						CreatedOnToolsVersion = 14.3.1;
					};
				};
			};
			buildConfigurationList = 505C37C82A3BE19300C87044 /* Build configuration list for PBXProject "StreamsAndActions" */;
			compatibilityVersion = "Xcode 14.0";
			developmentRegion = en;
			hasScannedForEncodings = 0;
			knownRegions = (
				en,
				Base,
			);
			mainGroup = 505C37C42A3BE19300C87044;
			packageReferences = (
				505C37E42A3BF17900C87044 /* XCRemoteSwiftPackageReference "swift-async-algorithms" */,
			);
			productRefGroup = 505C37CE2A3BE19400C87044 /* Products */;
			projectDirPath = "";
			projectRoot = "";
			targets = (
				505C37CC2A3BE19400C87044 /* StreamsAndActions */,
			);
		};
/* End PBXProject section */

/* Begin PBXResourcesBuildPhase section */
		505C37CB2A3BE19400C87044 /* Resources */ = {
			isa = PBXResourcesBuildPhase;
			buildActionMask = 2147483647;
			files = (
				505C37D82A3BE19400C87044 /* Preview Assets.xcassets in Resources */,
				505C37D52A3BE19400C87044 /* Assets.xcassets in Resources */,
			);
			runOnlyForDeploymentPostprocessing = 0;
		};
/* End PBXResourcesBuildPhase section */

/* Begin PBXSourcesBuildPhase section */
		505C37C92A3BE19400C87044 /* Sources */ = {
			isa = PBXSourcesBuildPhase;
			buildActionMask = 2147483647;
			files = (
				505C37E32A3BE75E00C87044 /* OptionThree.swift in Sources */,
				505C37D32A3BE19400C87044 /* ContentView.swift in Sources */,
				505C37E82A3BF18300C87044 /* OptionFour.swift in Sources */,
				505C37E12A3BE38700C87044 /* OptionTwo.swift in Sources */,
				505C37D12A3BE19400C87044 /* StreamsAndActionsApp.swift in Sources */,
				505C37DF2A3BE1D300C87044 /* OptionOne.swift in Sources */,
			);
			runOnlyForDeploymentPostprocessing = 0;
		};
/* End PBXSourcesBuildPhase section */

/* Begin XCBuildConfiguration section */
		505C37D92A3BE19400C87044 /* Debug */ = {
			isa = XCBuildConfiguration;
			buildSettings = {
				ALWAYS_SEARCH_USER_PATHS = NO;
				CLANG_ANALYZER_NONNULL = YES;
				CLANG_ANALYZER_NUMBER_OBJECT_CONVERSION = YES_AGGRESSIVE;
				CLANG_CXX_LANGUAGE_STANDARD = "gnu++20";
				CLANG_ENABLE_MODULES = YES;
				CLANG_ENABLE_OBJC_ARC = YES;
				CLANG_ENABLE_OBJC_WEAK = YES;
				CLANG_WARN_BLOCK_CAPTURE_AUTORELEASING = YES;
				CLANG_WARN_BOOL_CONVERSION = YES;
				CLANG_WARN_COMMA = YES;
				CLANG_WARN_CONSTANT_CONVERSION = YES;
				CLANG_WARN_DEPRECATED_OBJC_IMPLEMENTATIONS = YES;
				CLANG_WARN_DIRECT_OBJC_ISA_USAGE = YES_ERROR;
				CLANG_WARN_DOCUMENTATION_COMMENTS = YES;
				CLANG_WARN_EMPTY_BODY = YES;
				CLANG_WARN_ENUM_CONVERSION = YES;
				CLANG_WARN_INFINITE_RECURSION = YES;
				CLANG_WARN_INT_CONVERSION = YES;
				CLANG_WARN_NON_LITERAL_NULL_CONVERSION = YES;
				CLANG_WARN_OBJC_IMPLICIT_RETAIN_SELF = YES;
				CLANG_WARN_OBJC_LITERAL_CONVERSION = YES;
				CLANG_WARN_OBJC_ROOT_CLASS = YES_ERROR;
				CLANG_WARN_QUOTED_INCLUDE_IN_FRAMEWORK_HEADER = YES;
				CLANG_WARN_RANGE_LOOP_ANALYSIS = YES;
				CLANG_WARN_STRICT_PROTOTYPES = YES;
				CLANG_WARN_SUSPICIOUS_MOVE = YES;
				CLANG_WARN_UNGUARDED_AVAILABILITY = YES_AGGRESSIVE;
				CLANG_WARN_UNREACHABLE_CODE = YES;
				CLANG_WARN__DUPLICATE_METHOD_MATCH = YES;
				COPY_PHASE_STRIP = NO;
				DEBUG_INFORMATION_FORMAT = dwarf;
				ENABLE_STRICT_OBJC_MSGSEND = YES;
				ENABLE_TESTABILITY = YES;
				GCC_C_LANGUAGE_STANDARD = gnu11;
				GCC_DYNAMIC_NO_PIC = NO;
				GCC_NO_COMMON_BLOCKS = YES;
				GCC_OPTIMIZATION_LEVEL = 0;
				GCC_PREPROCESSOR_DEFINITIONS = (
					"DEBUG=1",
					"$(inherited)",
				);
				GCC_WARN_64_TO_32_BIT_CONVERSION = YES;
				GCC_WARN_ABOUT_RETURN_TYPE = YES_ERROR;
				GCC_WARN_UNDECLARED_SELECTOR = YES;
				GCC_WARN_UNINITIALIZED_AUTOS = YES_AGGRESSIVE;
				GCC_WARN_UNUSED_FUNCTION = YES;
				GCC_WARN_UNUSED_VARIABLE = YES;
				IPHONEOS_DEPLOYMENT_TARGET = 16.4;
				MTL_ENABLE_DEBUG_INFO = INCLUDE_SOURCE;
				MTL_FAST_MATH = YES;
				ONLY_ACTIVE_ARCH = YES;
				SDKROOT = iphoneos;
				SWIFT_ACTIVE_COMPILATION_CONDITIONS = DEBUG;
				SWIFT_OPTIMIZATION_LEVEL = "-Onone";
			};
			name = Debug;
		};
		505C37DA2A3BE19400C87044 /* Release */ = {
			isa = XCBuildConfiguration;
			buildSettings = {
				ALWAYS_SEARCH_USER_PATHS = NO;
				CLANG_ANALYZER_NONNULL = YES;
				CLANG_ANALYZER_NUMBER_OBJECT_CONVERSION = YES_AGGRESSIVE;
				CLANG_CXX_LANGUAGE_STANDARD = "gnu++20";
				CLANG_ENABLE_MODULES = YES;
				CLANG_ENABLE_OBJC_ARC = YES;
				CLANG_ENABLE_OBJC_WEAK = YES;
				CLANG_WARN_BLOCK_CAPTURE_AUTORELEASING = YES;
				CLANG_WARN_BOOL_CONVERSION = YES;
				CLANG_WARN_COMMA = YES;
				CLANG_WARN_CONSTANT_CONVERSION = YES;
				CLANG_WARN_DEPRECATED_OBJC_IMPLEMENTATIONS = YES;
				CLANG_WARN_DIRECT_OBJC_ISA_USAGE = YES_ERROR;
				CLANG_WARN_DOCUMENTATION_COMMENTS = YES;
				CLANG_WARN_EMPTY_BODY = YES;
				CLANG_WARN_ENUM_CONVERSION = YES;
				CLANG_WARN_INFINITE_RECURSION = YES;
				CLANG_WARN_INT_CONVERSION = YES;
				CLANG_WARN_NON_LITERAL_NULL_CONVERSION = YES;
				CLANG_WARN_OBJC_IMPLICIT_RETAIN_SELF = YES;
				CLANG_WARN_OBJC_LITERAL_CONVERSION = YES;
				CLANG_WARN_OBJC_ROOT_CLASS = YES_ERROR;
				CLANG_WARN_QUOTED_INCLUDE_IN_FRAMEWORK_HEADER = YES;
				CLANG_WARN_RANGE_LOOP_ANALYSIS = YES;
				CLANG_WARN_STRICT_PROTOTYPES = YES;
				CLANG_WARN_SUSPICIOUS_MOVE = YES;
				CLANG_WARN_UNGUARDED_AVAILABILITY = YES_AGGRESSIVE;
				CLANG_WARN_UNREACHABLE_CODE = YES;
				CLANG_WARN__DUPLICATE_METHOD_MATCH = YES;
				COPY_PHASE_STRIP = NO;
				DEBUG_INFORMATION_FORMAT = "dwarf-with-dsym";
				ENABLE_NS_ASSERTIONS = NO;
				ENABLE_STRICT_OBJC_MSGSEND = YES;
				GCC_C_LANGUAGE_STANDARD = gnu11;
				GCC_NO_COMMON_BLOCKS = YES;
				GCC_WARN_64_TO_32_BIT_CONVERSION = YES;
				GCC_WARN_ABOUT_RETURN_TYPE = YES_ERROR;
				GCC_WARN_UNDECLARED_SELECTOR = YES;
				GCC_WARN_UNINITIALIZED_AUTOS = YES_AGGRESSIVE;
				GCC_WARN_UNUSED_FUNCTION = YES;
				GCC_WARN_UNUSED_VARIABLE = YES;
				IPHONEOS_DEPLOYMENT_TARGET = 16.4;
				MTL_ENABLE_DEBUG_INFO = NO;
				MTL_FAST_MATH = YES;
				SDKROOT = iphoneos;
				SWIFT_COMPILATION_MODE = wholemodule;
				SWIFT_OPTIMIZATION_LEVEL = "-O";
				VALIDATE_PRODUCT = YES;
			};
			name = Release;
		};
		505C37DC2A3BE19400C87044 /* Debug */ = {
			isa = XCBuildConfiguration;
			buildSettings = {
				ASSETCATALOG_COMPILER_APPICON_NAME = AppIcon;
				ASSETCATALOG_COMPILER_GLOBAL_ACCENT_COLOR_NAME = AccentColor;
				CODE_SIGN_STYLE = Automatic;
				CURRENT_PROJECT_VERSION = 1;
				DEVELOPMENT_ASSET_PATHS = "\"StreamsAndActions/Preview Content\"";
				DEVELOPMENT_TEAM = RQ632LL2X3;
				ENABLE_PREVIEWS = YES;
				GENERATE_INFOPLIST_FILE = YES;
				INFOPLIST_KEY_UIApplicationSceneManifest_Generation = YES;
				INFOPLIST_KEY_UIApplicationSupportsIndirectInputEvents = YES;
				INFOPLIST_KEY_UILaunchScreen_Generation = YES;
				INFOPLIST_KEY_UISupportedInterfaceOrientations_iPad = "UIInterfaceOrientationPortrait UIInterfaceOrientationPortraitUpsideDown UIInterfaceOrientationLandscapeLeft UIInterfaceOrientationLandscapeRight";
				INFOPLIST_KEY_UISupportedInterfaceOrientations_iPhone = "UIInterfaceOrientationPortrait UIInterfaceOrientationLandscapeLeft UIInterfaceOrientationLandscapeRight";
				LD_RUNPATH_SEARCH_PATHS = (
					"$(inherited)",
					"@executable_path/Frameworks",
				);
				MARKETING_VERSION = 1.0;
				PRODUCT_BUNDLE_IDENTIFIER = com.okun.StreamsAndActions;
				PRODUCT_NAME = "$(TARGET_NAME)";
				SWIFT_EMIT_LOC_STRINGS = YES;
				SWIFT_VERSION = 5.0;
				TARGETED_DEVICE_FAMILY = "1,2";
			};
			name = Debug;
		};
		505C37DD2A3BE19400C87044 /* Release */ = {
			isa = XCBuildConfiguration;
			buildSettings = {
				ASSETCATALOG_COMPILER_APPICON_NAME = AppIcon;
				ASSETCATALOG_COMPILER_GLOBAL_ACCENT_COLOR_NAME = AccentColor;
				CODE_SIGN_STYLE = Automatic;
				CURRENT_PROJECT_VERSION = 1;
				DEVELOPMENT_ASSET_PATHS = "\"StreamsAndActions/Preview Content\"";
				DEVELOPMENT_TEAM = RQ632LL2X3;
				ENABLE_PREVIEWS = YES;
				GENERATE_INFOPLIST_FILE = YES;
				INFOPLIST_KEY_UIApplicationSceneManifest_Generation = YES;
				INFOPLIST_KEY_UIApplicationSupportsIndirectInputEvents = YES;
				INFOPLIST_KEY_UILaunchScreen_Generation = YES;
				INFOPLIST_KEY_UISupportedInterfaceOrientations_iPad = "UIInterfaceOrientationPortrait UIInterfaceOrientationPortraitUpsideDown UIInterfaceOrientationLandscapeLeft UIInterfaceOrientationLandscapeRight";
				INFOPLIST_KEY_UISupportedInterfaceOrientations_iPhone = "UIInterfaceOrientationPortrait UIInterfaceOrientationLandscapeLeft UIInterfaceOrientationLandscapeRight";
				LD_RUNPATH_SEARCH_PATHS = (
					"$(inherited)",
					"@executable_path/Frameworks",
				);
				MARKETING_VERSION = 1.0;
				PRODUCT_BUNDLE_IDENTIFIER = com.okun.StreamsAndActions;
				PRODUCT_NAME = "$(TARGET_NAME)";
				SWIFT_EMIT_LOC_STRINGS = YES;
				SWIFT_VERSION = 5.0;
				TARGETED_DEVICE_FAMILY = "1,2";
			};
			name = Release;
		};
/* End XCBuildConfiguration section */

/* Begin XCConfigurationList section */
		505C37C82A3BE19300C87044 /* Build configuration list for PBXProject "StreamsAndActions" */ = {
			isa = XCConfigurationList;
			buildConfigurations = (
				505C37D92A3BE19400C87044 /* Debug */,
				505C37DA2A3BE19400C87044 /* Release */,
			);
			defaultConfigurationIsVisible = 0;
			defaultConfigurationName = Release;
		};
		505C37DB2A3BE19400C87044 /* Build configuration list for PBXNativeTarget "StreamsAndActions" */ = {
			isa = XCConfigurationList;
			buildConfigurations = (
				505C37DC2A3BE19400C87044 /* Debug */,
				505C37DD2A3BE19400C87044 /* Release */,
			);
			defaultConfigurationIsVisible = 0;
			defaultConfigurationName = Release;
		};
/* End XCConfigurationList section */

/* Begin XCRemoteSwiftPackageReference section */
		505C37E42A3BF17900C87044 /* XCRemoteSwiftPackageReference "swift-async-algorithms" */ = {
			isa = XCRemoteSwiftPackageReference;
			repositoryURL = "https://github.com/apple/swift-async-algorithms.git";
			requirement = {
				kind = upToNextMajorVersion;
				minimumVersion = 0.1.0;
			};
		};
/* End XCRemoteSwiftPackageReference section */

/* Begin XCSwiftPackageProductDependency section */
		505C37E52A3BF17900C87044 /* AsyncAlgorithms */ = {
			isa = XCSwiftPackageProductDependency;
			package = 505C37E42A3BF17900C87044 /* XCRemoteSwiftPackageReference "swift-async-algorithms" */;
			productName = AsyncAlgorithms;
		};
/* End XCSwiftPackageProductDependency section */
	};
	rootObject = 505C37C52A3BE19300C87044 /* Project object */;
}
